
Microsoft Visual Studio Solution File, Format Version 12.00
# Visual Studio Version 17
VisualStudioVersion = 17.3.32519.111
MinimumVisualStudioVersion = 10.0.40219.1
Project("{2150E333-8FDC-42A3-9474-1A3956D46DE8}") = "src", "src", "{B2B68327-D368-4EB2-98FC-805DECD768BD}"
EndProject
Project("{9A19103F-16F7-4668-BE54-9A1E7A4F7556}") = "Doreto", "Doreto\Doreto.csproj", "{813D3526-69CB-40FF-AAB0-4F44E8889F82}"
EndProject
Project("{8BC9CEB8-8B4A-11D0-8D11-00A0C91BC942}") = "Doreto.Interop", "Doreto.Interop\Doreto.Interop.vcxproj", "{B55EC5B7-B79B-4BC0-919F-7C6C7D705556}"
EndProject
Project("{2150E333-8FDC-42A3-9474-1A3956D46DE8}") = "Éléments de solution", "Éléments de solution", "{FB709DD9-9E64-4162-8BF4-8F0AF62563A4}"
	ProjectSection(SolutionItems) = preProject
		Readme.md = Readme.md
	EndProjectSection
EndProject
Project("{2150E333-8FDC-42A3-9474-1A3956D46DE8}") = "resources", "resources", "{72F22BF4-260D-4E60-9072-434FC20C021E}"
	ProjectSection(SolutionItems) = preProject
		Doreto.Interop\detours.7z = Doreto.Interop\detours.7z
	EndProjectSection
EndProject
Project("{FAE04EC0-301F-11D3-BF4B-00C04F79EFBC}") = "Otto.Theme", "..\..\SERIOUS\Otto.Theme\Otto.Theme\Otto.Theme.csproj", "{54B04AAF-2FED-478B-8D1D-65873FCE46F7}"
EndProject
Project("{2150E333-8FDC-42A3-9474-1A3956D46DE8}") = "Modules", "Modules", "{D4731812-371F-4472-8F90-C2B24F326393}"
EndProject
Project("{2150E333-8FDC-42A3-9474-1A3956D46DE8}") = "Shared", "Shared", "{886761A3-EAB9-42A4-9C0F-C74B747BB1B7}"
EndProject
Project("{9A19103F-16F7-4668-BE54-9A1E7A4F7556}") = "Doreto.Shared", "Doreto.Shared\Doreto.Shared.csproj", "{15CE70EE-B3D6-445E-868B-8F3A91EB0CDC}"
EndProject
Project("{9A19103F-16F7-4668-BE54-9A1E7A4F7556}") = "Doreto.Shared.Wpf", "Doreto.Shared.Wpf\Doreto.Shared.Wpf.csproj", "{ABFA4860-03D3-4AA1-B879-11627ADE06B0}"
EndProject
Project("{FAE04EC0-301F-11D3-BF4B-00C04F79EFBC}") = "RegisterNewCharacterModule", "RegisterNewCharacterModule\RegisterNewCharacterModule.csproj", "{6D6EFDA6-EC07-47B1-9769-FE2A3D74F6AA}"
EndProject
Global
	GlobalSection(SolutionConfigurationPlatforms) = preSolution
		Debug|Any CPU = Debug|Any CPU
		Debug|x64 = Debug|x64
		Debug|x86 = Debug|x86
		Release|Any CPU = Release|Any CPU
		Release|x64 = Release|x64
		Release|x86 = Release|x86
	EndGlobalSection
	GlobalSection(ProjectConfigurationPlatforms) = postSolution
		{813D3526-69CB-40FF-AAB0-4F44E8889F82}.Debug|Any CPU.ActiveCfg = Debug|Any CPU
		{813D3526-69CB-40FF-AAB0-4F44E8889F82}.Debug|Any CPU.Build.0 = Debug|Any CPU
		{813D3526-69CB-40FF-AAB0-4F44E8889F82}.Debug|x64.ActiveCfg = Debug|Any CPU
		{813D3526-69CB-40FF-AAB0-4F44E8889F82}.Debug|x64.Build.0 = Debug|Any CPU
		{813D3526-69CB-40FF-AAB0-4F44E8889F82}.Debug|x86.ActiveCfg = Debug|Any CPU
		{813D3526-69CB-40FF-AAB0-4F44E8889F82}.Debug|x86.Build.0 = Debug|Any CPU
		{813D3526-69CB-40FF-AAB0-4F44E8889F82}.Release|Any CPU.ActiveCfg = Release|Any CPU
		{813D3526-69CB-40FF-AAB0-4F44E8889F82}.Release|Any CPU.Build.0 = Release|Any CPU
		{813D3526-69CB-40FF-AAB0-4F44E8889F82}.Release|x64.ActiveCfg = Release|Any CPU
		{813D3526-69CB-40FF-AAB0-4F44E8889F82}.Release|x64.Build.0 = Release|Any CPU
		{813D3526-69CB-40FF-AAB0-4F44E8889F82}.Release|x86.ActiveCfg = Release|Any CPU
		{813D3526-69CB-40FF-AAB0-4F44E8889F82}.Release|x86.Build.0 = Release|Any CPU
		{B55EC5B7-B79B-4BC0-919F-7C6C7D705556}.Debug|Any CPU.ActiveCfg = Debug|x64
		{B55EC5B7-B79B-4BC0-919F-7C6C7D705556}.Debug|Any CPU.Build.0 = Debug|x64
		{B55EC5B7-B79B-4BC0-919F-7C6C7D705556}.Debug|x64.ActiveCfg = Debug|x64
		{B55EC5B7-B79B-4BC0-919F-7C6C7D705556}.Debug|x64.Build.0 = Debug|x64
		{B55EC5B7-B79B-4BC0-919F-7C6C7D705556}.Debug|x86.ActiveCfg = Debug|Win32
		{B55EC5B7-B79B-4BC0-919F-7C6C7D705556}.Debug|x86.Build.0 = Debug|Win32
		{B55EC5B7-B79B-4BC0-919F-7C6C7D705556}.Release|Any CPU.ActiveCfg = Release|x64
		{B55EC5B7-B79B-4BC0-919F-7C6C7D705556}.Release|Any CPU.Build.0 = Release|x64
		{B55EC5B7-B79B-4BC0-919F-7C6C7D705556}.Release|x64.ActiveCfg = Release|x64
		{B55EC5B7-B79B-4BC0-919F-7C6C7D705556}.Release|x64.Build.0 = Release|x64
		{B55EC5B7-B79B-4BC0-919F-7C6C7D705556}.Release|x86.ActiveCfg = Release|Win32
		{B55EC5B7-B79B-4BC0-919F-7C6C7D705556}.Release|x86.Build.0 = Release|Win32
		{54B04AAF-2FED-478B-8D1D-65873FCE46F7}.Debug|Any CPU.ActiveCfg = Debug|Any CPU
		{54B04AAF-2FED-478B-8D1D-65873FCE46F7}.Debug|Any CPU.Build.0 = Debug|Any CPU
		{54B04AAF-2FED-478B-8D1D-65873FCE46F7}.Debug|x64.ActiveCfg = Debug|Any CPU
		{54B04AAF-2FED-478B-8D1D-65873FCE46F7}.Debug|x64.Build.0 = Debug|Any CPU
		{54B04AAF-2FED-478B-8D1D-65873FCE46F7}.Debug|x86.ActiveCfg = Debug|Any CPU
		{54B04AAF-2FED-478B-8D1D-65873FCE46F7}.Debug|x86.Build.0 = Debug|Any CPU
		{54B04AAF-2FED-478B-8D1D-65873FCE46F7}.Release|Any CPU.ActiveCfg = Release|Any CPU
		{54B04AAF-2FED-478B-8D1D-65873FCE46F7}.Release|Any CPU.Build.0 = Release|Any CPU
		{54B04AAF-2FED-478B-8D1D-65873FCE46F7}.Release|x64.ActiveCfg = Release|Any CPU
		{54B04AAF-2FED-478B-8D1D-65873FCE46F7}.Release|x64.Build.0 = Release|Any CPU
		{54B04AAF-2FED-478B-8D1D-65873FCE46F7}.Release|x86.ActiveCfg = Release|Any CPU
		{54B04AAF-2FED-478B-8D1D-65873FCE46F7}.Release|x86.Build.0 = Release|Any CPU
		{15CE70EE-B3D6-445E-868B-8F3A91EB0CDC}.Debug|Any CPU.ActiveCfg = Debug|Any CPU
		{15CE70EE-B3D6-445E-868B-8F3A91EB0CDC}.Debug|Any CPU.Build.0 = Debug|Any CPU
		{15CE70EE-B3D6-445E-868B-8F3A91EB0CDC}.Debug|x64.ActiveCfg = Debug|Any CPU
		{15CE70EE-B3D6-445E-868B-8F3A91EB0CDC}.Debug|x64.Build.0 = Debug|Any CPU
		{15CE70EE-B3D6-445E-868B-8F3A91EB0CDC}.Debug|x86.ActiveCfg = Debug|Any CPU
		{15CE70EE-B3D6-445E-868B-8F3A91EB0CDC}.Debug|x86.Build.0 = Debug|Any CPU
		{15CE70EE-B3D6-445E-868B-8F3A91EB0CDC}.Release|Any CPU.ActiveCfg = Release|Any CPU
		{15CE70EE-B3D6-445E-868B-8F3A91EB0CDC}.Release|Any CPU.Build.0 = Release|Any CPU
		{15CE70EE-B3D6-445E-868B-8F3A91EB0CDC}.Release|x64.ActiveCfg = Release|Any CPU
		{15CE70EE-B3D6-445E-868B-8F3A91EB0CDC}.Release|x64.Build.0 = Release|Any CPU
		{15CE70EE-B3D6-445E-868B-8F3A91EB0CDC}.Release|x86.ActiveCfg = Release|Any CPU
		{15CE70EE-B3D6-445E-868B-8F3A91EB0CDC}.Release|x86.Build.0 = Release|Any CPU
		{ABFA4860-03D3-4AA1-B879-11627ADE06B0}.Debug|Any CPU.ActiveCfg = Debug|Any CPU
		{ABFA4860-03D3-4AA1-B879-11627ADE06B0}.Debug|Any CPU.Build.0 = Debug|Any CPU
		{ABFA4860-03D3-4AA1-B879-11627ADE06B0}.Debug|x64.ActiveCfg = Debug|Any CPU
		{ABFA4860-03D3-4AA1-B879-11627ADE06B0}.Debug|x64.Build.0 = Debug|Any CPU
		{ABFA4860-03D3-4AA1-B879-11627ADE06B0}.Debug|x86.ActiveCfg = Debug|Any CPU
		{ABFA4860-03D3-4AA1-B879-11627ADE06B0}.Debug|x86.Build.0 = Debug|Any CPU
		{ABFA4860-03D3-4AA1-B879-11627ADE06B0}.Release|Any CPU.ActiveCfg = Release|Any CPU
		{ABFA4860-03D3-4AA1-B879-11627ADE06B0}.Release|Any CPU.Build.0 = Release|Any CPU
		{ABFA4860-03D3-4AA1-B879-11627ADE06B0}.Release|x64.ActiveCfg = Release|Any CPU
		{ABFA4860-03D3-4AA1-B879-11627ADE06B0}.Release|x64.Build.0 = Release|Any CPU
		{ABFA4860-03D3-4AA1-B879-11627ADE06B0}.Release|x86.ActiveCfg = Release|Any CPU
		{ABFA4860-03D3-4AA1-B879-11627ADE06B0}.Release|x86.Build.0 = Release|Any CPU
		{6D6EFDA6-EC07-47B1-9769-FE2A3D74F6AA}.Debug|Any CPU.ActiveCfg = Debug|Any CPU
		{6D6EFDA6-EC07-47B1-9769-FE2A3D74F6AA}.Debug|Any CPU.Build.0 = Debug|Any CPU
		{6D6EFDA6-EC07-47B1-9769-FE2A3D74F6AA}.Debug|x64.ActiveCfg = Debug|Any CPU
		{6D6EFDA6-EC07-47B1-9769-FE2A3D74F6AA}.Debug|x64.Build.0 = Debug|Any CPU
		{6D6EFDA6-EC07-47B1-9769-FE2A3D74F6AA}.Debug|x86.ActiveCfg = Debug|Any CPU
		{6D6EFDA6-EC07-47B1-9769-FE2A3D74F6AA}.Debug|x86.Build.0 = Debug|Any CPU
		{6D6EFDA6-EC07-47B1-9769-FE2A3D74F6AA}.Release|Any CPU.ActiveCfg = Release|Any CPU
		{6D6EFDA6-EC07-47B1-9769-FE2A3D74F6AA}.Release|Any CPU.Build.0 = Release|Any CPU
		{6D6EFDA6-EC07-47B1-9769-FE2A3D74F6AA}.Release|x64.ActiveCfg = Release|Any CPU
		{6D6EFDA6-EC07-47B1-9769-FE2A3D74F6AA}.Release|x64.Build.0 = Release|Any CPU
		{6D6EFDA6-EC07-47B1-9769-FE2A3D74F6AA}.Release|x86.ActiveCfg = Release|Any CPU
		{6D6EFDA6-EC07-47B1-9769-FE2A3D74F6AA}.Release|x86.Build.0 = Release|Any CPU
	EndGlobalSection
	GlobalSection(SolutionProperties) = preSolution
		HideSolutionNode = FALSE
	EndGlobalSection
	GlobalSection(NestedProjects) = preSolution
		{813D3526-69CB-40FF-AAB0-4F44E8889F82} = {B2B68327-D368-4EB2-98FC-805DECD768BD}
		{B55EC5B7-B79B-4BC0-919F-7C6C7D705556} = {B2B68327-D368-4EB2-98FC-805DECD768BD}
		{54B04AAF-2FED-478B-8D1D-65873FCE46F7} = {B2B68327-D368-4EB2-98FC-805DECD768BD}
		{D4731812-371F-4472-8F90-C2B24F326393} = {B2B68327-D368-4EB2-98FC-805DECD768BD}
		{886761A3-EAB9-42A4-9C0F-C74B747BB1B7} = {B2B68327-D368-4EB2-98FC-805DECD768BD}
		{15CE70EE-B3D6-445E-868B-8F3A91EB0CDC} = {886761A3-EAB9-42A4-9C0F-C74B747BB1B7}
		{ABFA4860-03D3-4AA1-B879-11627ADE06B0} = {886761A3-EAB9-42A4-9C0F-C74B747BB1B7}
		{6D6EFDA6-EC07-47B1-9769-FE2A3D74F6AA} = {D4731812-371F-4472-8F90-C2B24F326393}
	EndGlobalSection
	GlobalSection(ExtensibilityGlobals) = postSolution
		SolutionGuid = {72E514EE-C18B-41CC-886C-9C8B41A576DD}
	EndGlobalSection
EndGlobal
